
Microsoft Visual Studio Solution File, Format Version 12.00
# Visual Studio Version 17
VisualStudioVersion = 17.11.35222.181
MinimumVisualStudioVersion = 10.0.40219.1
Project("{FAE04EC0-301F-11D3-BF4B-00C04F79EFBC}") = "mathandmethods1", "mathandmethods1\mathandmethods1.csproj", "{5D322777-98D4-4C99-8AA2-1C3DFECAEF22}"
EndProject
Global
	GlobalSection(SolutionConfigurationPlatforms) = preSolution
		Debug|Any CPU = Debug|Any CPU
		Release|Any CPU = Release|Any CPU
	EndGlobalSection
	GlobalSection(ProjectConfigurationPlatforms) = postSolution
		{5D322777-98D4-4C99-8AA2-1C3DFECAEF22}.Debug|Any CPU.ActiveCfg = Debug|Any CPU
		{5D322777-98D4-4C99-8AA2-1C3DFECAEF22}.Debug|Any CPU.Build.0 = Debug|Any CPU
		{5D322777-98D4-4C99-8AA2-1C3DFECAEF22}.Release|Any CPU.ActiveCfg = Release|Any CPU
		{5D322777-98D4-4C99-8AA2-1C3DFECAEF22}.Release|Any CPU.Build.0 = Release|Any CPU
	EndGlobalSection
	GlobalSection(SolutionProperties) = preSolution
		HideSolutionNode = FALSE
	EndGlobalSection
	GlobalSection(ExtensibilityGlobals) = postSolution
		SolutionGuid = {E5C664B9-2D85-423E-9F39-BCB597C0A75C}
	EndGlobalSection
EndGlobal
