
Microsoft Visual Studio Solution File, Format Version 12.00
# Visual Studio Version 17
VisualStudioVersion = 17.11.35222.181
MinimumVisualStudioVersion = 10.0.40219.1
Project("{FAE04EC0-301F-11D3-BF4B-00C04F79EFBC}") = "mathandmethods3", "mathandmethods3\mathandmethods3.csproj", "{CC557AF2-ADF1-46BE-8375-87FC0B132A7C}"
EndProject
Global
	GlobalSection(SolutionConfigurationPlatforms) = preSolution
		Debug|Any CPU = Debug|Any CPU
		Release|Any CPU = Release|Any CPU
	EndGlobalSection
	GlobalSection(ProjectConfigurationPlatforms) = postSolution
		{CC557AF2-ADF1-46BE-8375-87FC0B132A7C}.Debug|Any CPU.ActiveCfg = Debug|Any CPU
		{CC557AF2-ADF1-46BE-8375-87FC0B132A7C}.Debug|Any CPU.Build.0 = Debug|Any CPU
		{CC557AF2-ADF1-46BE-8375-87FC0B132A7C}.Release|Any CPU.ActiveCfg = Release|Any CPU
		{CC557AF2-ADF1-46BE-8375-87FC0B132A7C}.Release|Any CPU.Build.0 = Release|Any CPU
	EndGlobalSection
	GlobalSection(SolutionProperties) = preSolution
		HideSolutionNode = FALSE
	EndGlobalSection
	GlobalSection(ExtensibilityGlobals) = postSolution
		SolutionGuid = {59794ADE-1C5D-4439-B236-E9670BC10880}
	EndGlobalSection
EndGlobal
